
Microsoft Visual Studio Solution File, Format Version 12.00
# Visual Studio Version 17
VisualStudioVersion = 17.1.32228.430
MinimumVisualStudioVersion = 10.0.40219.1
Project("{FAE04EC0-301F-11D3-BF4B-00C04F79EFBC}") = "NttDataApi", "NttDataApi.csproj", "{3A664482-9F34-48FC-B41F-22EC2137D671}"
EndProject
Project("{FAE04EC0-301F-11D3-BF4B-00C04F79EFBC}") = "UnitTest", "..\UnitTest\UnitTest.csproj", "{6B578FA4-B854-4EFB-BC5D-8C1E27951D0F}"
EndProject
Global
	GlobalSection(SolutionConfigurationPlatforms) = preSolution
		Debug|Any CPU = Debug|Any CPU
		Release|Any CPU = Release|Any CPU
	EndGlobalSection
	GlobalSection(ProjectConfigurationPlatforms) = postSolution
		{3A664482-9F34-48FC-B41F-22EC2137D671}.Debug|Any CPU.ActiveCfg = Debug|Any CPU
		{3A664482-9F34-48FC-B41F-22EC2137D671}.Debug|Any CPU.Build.0 = Debug|Any CPU
		{3A664482-9F34-48FC-B41F-22EC2137D671}.Release|Any CPU.ActiveCfg = Release|Any CPU
		{3A664482-9F34-48FC-B41F-22EC2137D671}.Release|Any CPU.Build.0 = Release|Any CPU
		{6B578FA4-B854-4EFB-BC5D-8C1E27951D0F}.Debug|Any CPU.ActiveCfg = Debug|Any CPU
		{6B578FA4-B854-4EFB-BC5D-8C1E27951D0F}.Debug|Any CPU.Build.0 = Debug|Any CPU
		{6B578FA4-B854-4EFB-BC5D-8C1E27951D0F}.Release|Any CPU.ActiveCfg = Release|Any CPU
		{6B578FA4-B854-4EFB-BC5D-8C1E27951D0F}.Release|Any CPU.Build.0 = Release|Any CPU
	EndGlobalSection
	GlobalSection(SolutionProperties) = preSolution
		HideSolutionNode = FALSE
	EndGlobalSection
	GlobalSection(ExtensibilityGlobals) = postSolution
		SolutionGuid = {B1E662EC-74E2-430A-B9A8-D125D944CD18}
	EndGlobalSection
EndGlobal
